// !$*UTF8*$!
{
	archiveVersion = 1;
	classes = {
	};
	objectVersion = 46;
	objects = {

/* Begin PBXBuildFile section */
		50547ED01A031A5700AE1A72 /* main.m in Sources */ = {isa = PBXBuildFile; fileRef = 50547ECF1A031A5700AE1A72 /* main.m */; };
		50547ED31A031A5700AE1A72 /* AppDelegate.m in Sources */ = {isa = PBXBuildFile; fileRef = 50547ED21A031A5700AE1A72 /* AppDelegate.m */; };
		50547ED61A031A5700AE1A72 /* PBL.xcdatamodeld in Sources */ = {isa = PBXBuildFile; fileRef = 50547ED41A031A5700AE1A72 /* PBL.xcdatamodeld */; };
		50547ED91A031A5700AE1A72 /* ViewController.m in Sources */ = {isa = PBXBuildFile; fileRef = 50547ED81A031A5700AE1A72 /* ViewController.m */; };
		50547EDC1A031A5700AE1A72 /* Main.storyboard in Resources */ = {isa = PBXBuildFile; fileRef = 50547EDA1A031A5700AE1A72 /* Main.storyboard */; };
		50547EDE1A031A5700AE1A72 /* Images.xcassets in Resources */ = {isa = PBXBuildFile; fileRef = 50547EDD1A031A5700AE1A72 /* Images.xcassets */; };
		50547EE11A031A5700AE1A72 /* LaunchScreen.xib in Resources */ = {isa = PBXBuildFile; fileRef = 50547EDF1A031A5700AE1A72 /* LaunchScreen.xib */; };
		50547EED1A031A5700AE1A72 /* PBLTests.m in Sources */ = {isa = PBXBuildFile; fileRef = 50547EEC1A031A5700AE1A72 /* PBLTests.m */; };
/* End PBXBuildFile section */

/* Begin PBXContainerItemProxy section */
		50547EE71A031A5700AE1A72 /* PBXContainerItemProxy */ = {
			isa = PBXContainerItemProxy;
			containerPortal = 50547EC21A031A5700AE1A72 /* Project object */;
			proxyType = 1;
			remoteGlobalIDString = 50547EC91A031A5700AE1A72;
			remoteInfo = PBL;
		};
/* End PBXContainerItemProxy section */

/* Begin PBXFileReference section */
		50547ECA1A031A5700AE1A72 /* PBL.app */ = {isa = PBXFileReference; explicitFileType = wrapper.application; includeInIndex = 0; path = PBL.app; sourceTree = BUILT_PRODUCTS_DIR; };
		50547ECE1A031A5700AE1A72 /* Info.plist */ = {isa = PBXFileReference; lastKnownFileType = text.plist.xml; path = Info.plist; sourceTree = "<group>"; };
		50547ECF1A031A5700AE1A72 /* main.m */ = {isa = PBXFileReference; lastKnownFileType = sourcecode.c.objc; path = main.m; sourceTree = "<group>"; };
		50547ED11A031A5700AE1A72 /* AppDelegate.h */ = {isa = PBXFileReference; lastKnownFileType = sourcecode.c.h; path = AppDelegate.h; sourceTree = "<group>"; };
		50547ED21A031A5700AE1A72 /* AppDelegate.m */ = {isa = PBXFileReference; lastKnownFileType = sourcecode.c.objc; path = AppDelegate.m; sourceTree = "<group>"; };
		50547ED51A031A5700AE1A72 /* PBL.xcdatamodel */ = {isa = PBXFileReference; lastKnownFileType = wrapper.xcdatamodel; path = PBL.xcdatamodel; sourceTree = "<group>"; };
		50547ED71A031A5700AE1A72 /* ViewController.h */ = {isa = PBXFileReference; lastKnownFileType = sourcecode.c.h; path = ViewController.h; sourceTree = "<group>"; };
		50547ED81A031A5700AE1A72 /* ViewController.m */ = {isa = PBXFileReference; lastKnownFileType = sourcecode.c.objc; path = ViewController.m; sourceTree = "<group>"; };
		50547EDB1A031A5700AE1A72 /* Base */ = {isa = PBXFileReference; lastKnownFileType = file.storyboard; name = Base; path = Base.lproj/Main.storyboard; sourceTree = "<group>"; };
		50547EDD1A031A5700AE1A72 /* Images.xcassets */ = {isa = PBXFileReference; lastKnownFileType = folder.assetcatalog; path = Images.xcassets; sourceTree = "<group>"; };
		50547EE01A031A5700AE1A72 /* Base */ = {isa = PBXFileReference; lastKnownFileType = file.xib; name = Base; path = Base.lproj/LaunchScreen.xib; sourceTree = "<group>"; };
		50547EE61A031A5700AE1A72 /* PBLTests.xctest */ = {isa = PBXFileReference; explicitFileType = wrapper.cfbundle; includeInIndex = 0; path = PBLTests.xctest; sourceTree = BUILT_PRODUCTS_DIR; };
		50547EEB1A031A5700AE1A72 /* Info.plist */ = {isa = PBXFileReference; lastKnownFileType = text.plist.xml; path = Info.plist; sourceTree = "<group>"; };
		50547EEC1A031A5700AE1A72 /* PBLTests.m */ = {isa = PBXFileReference; lastKnownFileType = sourcecode.c.objc; path = PBLTests.m; sourceTree = "<group>"; };
/* End PBXFileReference section */

/* Begin PBXFrameworksBuildPhase section */
		50547EC71A031A5700AE1A72 /* Frameworks */ = {
			isa = PBXFrameworksBuildPhase;
			buildActionMask = 2147483647;
			files = (
			);
			runOnlyForDeploymentPostprocessing = 0;
		};
		50547EE31A031A5700AE1A72 /* Frameworks */ = {
			isa = PBXFrameworksBuildPhase;
			buildActionMask = 2147483647;
			files = (
			);
			runOnlyForDeploymentPostprocessing = 0;
		};
/* End PBXFrameworksBuildPhase section */

/* Begin PBXGroup section */
		50547EC11A031A5700AE1A72 = {
			isa = PBXGroup;
			children = (
				50547ECC1A031A5700AE1A72 /* PBL */,
				50547EE91A031A5700AE1A72 /* PBLTests */,
				50547ECB1A031A5700AE1A72 /* Products */,
			);
			sourceTree = "<group>";
		};
		50547ECB1A031A5700AE1A72 /* Products */ = {
			isa = PBXGroup;
			children = (
				50547ECA1A031A5700AE1A72 /* PBL.app */,
				50547EE61A031A5700AE1A72 /* PBLTests.xctest */,
			);
			name = Products;
			sourceTree = "<group>";
		};
		50547ECC1A031A5700AE1A72 /* PBL */ = {
			isa = PBXGroup;
			children = (
				50547ED11A031A5700AE1A72 /* AppDelegate.h */,
				50547ED21A031A5700AE1A72 /* AppDelegate.m */,
				50547ED71A031A5700AE1A72 /* ViewController.h */,
				50547ED81A031A5700AE1A72 /* ViewController.m */,
				50547EDA1A031A5700AE1A72 /* Main.storyboard */,
				50547EDD1A031A5700AE1A72 /* Images.xcassets */,
				50547EDF1A031A5700AE1A72 /* LaunchScreen.xib */,
				50547ED41A031A5700AE1A72 /* PBL.xcdatamodeld */,
				50547ECD1A031A5700AE1A72 /* Supporting Files */,
			);
			path = PBL;
			sourceTree = "<group>";
		};
		50547ECD1A031A5700AE1A72 /* Supporting Files */ = {
			isa = PBXGroup;
			children = (
				50547ECE1A031A5700AE1A72 /* Info.plist */,
				50547ECF1A031A5700AE1A72 /* main.m */,
			);
			name = "Supporting Files";
			sourceTree = "<group>";
		};
		50547EE91A031A5700AE1A72 /* PBLTests */ = {
			isa = PBXGroup;
			children = (
				50547EEC1A031A5700AE1A72 /* PBLTests.m */,
				50547EEA1A031A5700AE1A72 /* Supporting Files */,
			);
			path = PBLTests;
			sourceTree = "<group>";
		};
		50547EEA1A031A5700AE1A72 /* Supporting Files */ = {
			isa = PBXGroup;
			children = (
				50547EEB1A031A5700AE1A72 /* Info.plist */,
			);
			name = "Supporting Files";
			sourceTree = "<group>";
		};
/* End PBXGroup section */

/* Begin PBXNativeTarget section */
		50547EC91A031A5700AE1A72 /* PBL */ = {
			isa = PBXNativeTarget;
			buildConfigurationList = 50547EF01A031A5700AE1A72 /* Build configuration list for PBXNativeTarget "PBL" */;
			buildPhases = (
				50547EC61A031A5700AE1A72 /* Sources */,
				50547EC71A031A5700AE1A72 /* Frameworks */,
				50547EC81A031A5700AE1A72 /* Resources */,
			);
			buildRules = (
			);
			dependencies = (
			);
			name = PBL;
			productName = PBL;
			productReference = 50547ECA1A031A5700AE1A72 /* PBL.app */;
			productType = "com.apple.product-type.application";
		};
		50547EE51A031A5700AE1A72 /* PBLTests */ = {
			isa = PBXNativeTarget;
			buildConfigurationList = 50547EF31A031A5700AE1A72 /* Build configuration list for PBXNativeTarget "PBLTests" */;
			buildPhases = (
				50547EE21A031A5700AE1A72 /* Sources */,
				50547EE31A031A5700AE1A72 /* Frameworks */,
				50547EE41A031A5700AE1A72 /* Resources */,
			);
			buildRules = (
			);
			dependencies = (
				50547EE81A031A5700AE1A72 /* PBXTargetDependency */,
			);
			name = PBLTests;
			productName = PBLTests;
			productReference = 50547EE61A031A5700AE1A72 /* PBLTests.xctest */;
			productType = "com.apple.product-type.bundle.unit-test";
		};
/* End PBXNativeTarget section */

/* Begin PBXProject section */
		50547EC21A031A5700AE1A72 /* Project object */ = {
			isa = PBXProject;
			attributes = {
				LastUpgradeCheck = 0610;
				ORGANIZATIONNAME = "Albert Saucedo";
				TargetAttributes = {
					50547EC91A031A5700AE1A72 = {
						CreatedOnToolsVersion = 6.1;
						DevelopmentTeam = 36MM5W3VDB;
					};
					50547EE51A031A5700AE1A72 = {
						CreatedOnToolsVersion = 6.1;
						TestTargetID = 50547EC91A031A5700AE1A72;
					};
				};
			};
			buildConfigurationList = 50547EC51A031A5700AE1A72 /* Build configuration list for PBXProject "PBL" */;
			compatibilityVersion = "Xcode 3.2";
			developmentRegion = English;
			hasScannedForEncodings = 0;
			knownRegions = (
				en,
				Base,
			);
			mainGroup = 50547EC11A031A5700AE1A72;
			productRefGroup = 50547ECB1A031A5700AE1A72 /* Products */;
			projectDirPath = "";
			projectRoot = "";
			targets = (
				50547EC91A031A5700AE1A72 /* PBL */,
				50547EE51A031A5700AE1A72 /* PBLTests */,
			);
		};
/* End PBXProject section */

/* Begin PBXResourcesBuildPhase section */
		50547EC81A031A5700AE1A72 /* Resources */ = {
			isa = PBXResourcesBuildPhase;
			buildActionMask = 2147483647;
			files = (
				50547EDC1A031A5700AE1A72 /* Main.storyboard in Resources */,
				50547EE11A031A5700AE1A72 /* LaunchScreen.xib in Resources */,
				50547EDE1A031A5700AE1A72 /* Images.xcassets in Resources */,
			);
			runOnlyForDeploymentPostprocessing = 0;
		};
		50547EE41A031A5700AE1A72 /* Resources */ = {
			isa = PBXResourcesBuildPhase;
			buildActionMask = 2147483647;
			files = (
			);
			runOnlyForDeploymentPostprocessing = 0;
		};
/* End PBXResourcesBuildPhase section */

/* Begin PBXSourcesBuildPhase section */
		50547EC61A031A5700AE1A72 /* Sources */ = {
			isa = PBXSourcesBuildPhase;
			buildActionMask = 2147483647;
			files = (
				50547ED31A031A5700AE1A72 /* AppDelegate.m in Sources */,
				50547ED01A031A5700AE1A72 /* main.m in Sources */,
				50547ED91A031A5700AE1A72 /* ViewController.m in Sources */,
				50547ED61A031A5700AE1A72 /* PBL.xcdatamodeld in Sources */,
			);
			runOnlyForDeploymentPostprocessing = 0;
		};
		50547EE21A031A5700AE1A72 /* Sources */ = {
			isa = PBXSourcesBuildPhase;
			buildActionMask = 2147483647;
			files = (
				50547EED1A031A5700AE1A72 /* PBLTests.m in Sources */,
			);
			runOnlyForDeploymentPostprocessing = 0;
		};
/* End PBXSourcesBuildPhase section */

/* Begin PBXTargetDependency section */
		50547EE81A031A5700AE1A72 /* PBXTargetDependency */ = {
			isa = PBXTargetDependency;
			target = 50547EC91A031A5700AE1A72 /* PBL */;
			targetProxy = 50547EE71A031A5700AE1A72 /* PBXContainerItemProxy */;
		};
/* End PBXTargetDependency section */

/* Begin PBXVariantGroup section */
		50547EDA1A031A5700AE1A72 /* Main.storyboard */ = {
			isa = PBXVariantGroup;
			children = (
				50547EDB1A031A5700AE1A72 /* Base */,
			);
			name = Main.storyboard;
			sourceTree = "<group>";
		};
		50547EDF1A031A5700AE1A72 /* LaunchScreen.xib */ = {
			isa = PBXVariantGroup;
			children = (
				50547EE01A031A5700AE1A72 /* Base */,
			);
			name = LaunchScreen.xib;
			sourceTree = "<group>";
		};
/* End PBXVariantGroup section */

/* Begin XCBuildConfiguration section */
		50547EEE1A031A5700AE1A72 /* Debug */ = {
			isa = XCBuildConfiguration;
			buildSettings = {
				ALWAYS_SEARCH_USER_PATHS = NO;
				CLANG_CXX_LANGUAGE_STANDARD = "gnu++0x";
				CLANG_CXX_LIBRARY = "libc++";
				CLANG_ENABLE_MODULES = YES;
				CLANG_ENABLE_OBJC_ARC = YES;
				CLANG_WARN_BOOL_CONVERSION = YES;
				CLANG_WARN_CONSTANT_CONVERSION = YES;
				CLANG_WARN_DIRECT_OBJC_ISA_USAGE = YES_ERROR;
				CLANG_WARN_EMPTY_BODY = YES;
				CLANG_WARN_ENUM_CONVERSION = YES;
				CLANG_WARN_INT_CONVERSION = YES;
				CLANG_WARN_OBJC_ROOT_CLASS = YES_ERROR;
				CLANG_WARN_UNREACHABLE_CODE = YES;
				CLANG_WARN__DUPLICATE_METHOD_MATCH = YES;
				"CODE_SIGN_IDENTITY[sdk=iphoneos*]" = "iPhone Developer";
				COPY_PHASE_STRIP = NO;
				ENABLE_STRICT_OBJC_MSGSEND = YES;
				GCC_C_LANGUAGE_STANDARD = gnu99;
				GCC_DYNAMIC_NO_PIC = NO;
				GCC_OPTIMIZATION_LEVEL = 0;
				GCC_PREPROCESSOR_DEFINITIONS = (
					"DEBUG=1",
					"$(inherited)",
				);
				GCC_SYMBOLS_PRIVATE_EXTERN = NO;
				GCC_WARN_64_TO_32_BIT_CONVERSION = YES;
				GCC_WARN_ABOUT_RETURN_TYPE = YES_ERROR;
				GCC_WARN_UNDECLARED_SELECTOR = YES;
				GCC_WARN_UNINITIALIZED_AUTOS = YES_AGGRESSIVE;
				GCC_WARN_UNUSED_FUNCTION = YES;
				GCC_WARN_UNUSED_VARIABLE = YES;
				IPHONEOS_DEPLOYMENT_TARGET = 8.1;
				MTL_ENABLE_DEBUG_INFO = YES;
				ONLY_ACTIVE_ARCH = YES;
				SDKROOT = iphoneos;
			};
			name = Debug;
		};
		50547EEF1A031A5700AE1A72 /* Release */ = {
			isa = XCBuildConfiguration;
			buildSettings = {
				ALWAYS_SEARCH_USER_PATHS = NO;
				CLANG_CXX_LANGUAGE_STANDARD = "gnu++0x";
				CLANG_CXX_LIBRARY = "libc++";
				CLANG_ENABLE_MODULES = YES;
				CLANG_ENABLE_OBJC_ARC = YES;
				CLANG_WARN_BOOL_CONVERSION = YES;
				CLANG_WARN_CONSTANT_CONVERSION = YES;
				CLANG_WARN_DIRECT_OBJC_ISA_USAGE = YES_ERROR;
				CLANG_WARN_EMPTY_BODY = YES;
				CLANG_WARN_ENUM_CONVERSION = YES;
				CLANG_WARN_INT_CONVERSION = YES;
				CLANG_WARN_OBJC_ROOT_CLASS = YES_ERROR;
				CLANG_WARN_UNREACHABLE_CODE = YES;
				CLANG_WARN__DUPLICATE_METHOD_MATCH = YES;
				"CODE_SIGN_IDENTITY[sdk=iphoneos*]" = "iPhone Developer";
				COPY_PHASE_STRIP = YES;
				ENABLE_NS_ASSERTIONS = NO;
				ENABLE_STRICT_OBJC_MSGSEND = YES;
				GCC_C_LANGUAGE_STANDARD = gnu99;
				GCC_WARN_64_TO_32_BIT_CONVERSION = YES;
				GCC_WARN_ABOUT_RETURN_TYPE = YES_ERROR;
				GCC_WARN_UNDECLARED_SELECTOR = YES;
				GCC_WARN_UNINITIALIZED_AUTOS = YES_AGGRESSIVE;
				GCC_WARN_UNUSED_FUNCTION = YES;
				GCC_WARN_UNUSED_VARIABLE = YES;
				IPHONEOS_DEPLOYMENT_TARGET = 8.1;
				MTL_ENABLE_DEBUG_INFO = NO;
				SDKROOT = iphoneos;
				VALIDATE_PRODUCT = YES;
			};
			name = Release;
		};
		50547EF11A031A5700AE1A72 /* Debug */ = {
			isa = XCBuildConfiguration;
			buildSettings = {
				ASSETCATALOG_COMPILER_APPICON_NAME = AppIcon;
				CODE_SIGN_IDENTITY = "iPhone Developer";
				INFOPLIST_FILE = PBL/Info.plist;
				LD_RUNPATH_SEARCH_PATHS = "$(inherited) @executable_path/Frameworks";
				PRODUCT_NAME = "$(TARGET_NAME)";
			};
			name = Debug;
		};
		50547EF21A031A5700AE1A72 /* Release */ = {
			isa = XCBuildConfiguration;
			buildSettings = {
				ASSETCATALOG_COMPILER_APPICON_NAME = AppIcon;
				CODE_SIGN_IDENTITY = "iPhone Developer";
				INFOPLIST_FILE = PBL/Info.plist;
				LD_RUNPATH_SEARCH_PATHS = "$(inherited) @executable_path/Frameworks";
				PRODUCT_NAME = "$(TARGET_NAME)";
			};
			name = Release;
		};
		50547EF41A031A5700AE1A72 /* Debug */ = {
			isa = XCBuildConfiguration;
			buildSettings = {
				BUNDLE_LOADER = "$(TEST_HOST)";
				FRAMEWORK_SEARCH_PATHS = (
					"$(SDKROOT)/Developer/Library/Frameworks",
					"$(inherited)",
				);
				GCC_PREPROCESSOR_DEFINITIONS = (
					"DEBUG=1",
					"$(inherited)",
				);
				INFOPLIST_FILE = PBLTests/Info.plist;
				LD_RUNPATH_SEARCH_PATHS = "$(inherited) @executable_path/Frameworks @loader_path/Frameworks";
				PRODUCT_NAME = "$(TARGET_NAME)";
				TEST_HOST = "$(BUILT_PRODUCTS_DIR)/PBL.app/PBL";
			};
			name = Debug;
		};
		50547EF51A031A5700AE1A72 /* Release */ = {
			isa = XCBuildConfiguration;
			buildSettings = {
				BUNDLE_LOADER = "$(TEST_HOST)";
				FRAMEWORK_SEARCH_PATHS = (
					"$(SDKROOT)/Developer/Library/Frameworks",
					"$(inherited)",
				);
				INFOPLIST_FILE = PBLTests/Info.plist;
				LD_RUNPATH_SEARCH_PATHS = "$(inherited) @executable_path/Frameworks @loader_path/Frameworks";
				PRODUCT_NAME = "$(TARGET_NAME)";
				TEST_HOST = "$(BUILT_PRODUCTS_DIR)/PBL.app/PBL";
			};
			name = Release;
		};
/* End XCBuildConfiguration section */

/* Begin XCConfigurationList section */
		50547EC51A031A5700AE1A72 /* Build configuration list for PBXProject "PBL" */ = {
			isa = XCConfigurationList;
			buildConfigurations = (
				50547EEE1A031A5700AE1A72 /* Debug */,
				50547EEF1A031A5700AE1A72 /* Release */,
			);
			defaultConfigurationIsVisible = 0;
			defaultConfigurationName = Release;
		};
		50547EF01A031A5700AE1A72 /* Build configuration list for PBXNativeTarget "PBL" */ = {
			isa = XCConfigurationList;
			buildConfigurations = (
				50547EF11A031A5700AE1A72 /* Debug */,
				50547EF21A031A5700AE1A72 /* Release */,
			);
			defaultConfigurationIsVisible = 0;
		};
		50547EF31A031A5700AE1A72 /* Build configuration list for PBXNativeTarget "PBLTests" */ = {
			isa = XCConfigurationList;
			buildConfigurations = (
				50547EF41A031A5700AE1A72 /* Debug */,
				50547EF51A031A5700AE1A72 /* Release */,
			);
			defaultConfigurationIsVisible = 0;
		};
/* End XCConfigurationList section */

/* Begin XCVersionGroup section */
		50547ED41A031A5700AE1A72 /* PBL.xcdatamodeld */ = {
			isa = XCVersionGroup;
			children = (
				50547ED51A031A5700AE1A72 /* PBL.xcdatamodel */,
			);
			currentVersion = 50547ED51A031A5700AE1A72 /* PBL.xcdatamodel */;
			path = PBL.xcdatamodeld;
			sourceTree = "<group>";
			versionGroupType = wrapper.xcdatamodel;
		};
/* End XCVersionGroup section */
	};
	rootObject = 50547EC21A031A5700AE1A72 /* Project object */;
}
